github.com/MateusMoutinhoOrg/Keep v0.0.8 h1:4Zx2izF0LbeIQ1VpETo2zKmT38Zi+ShSj6AuN4upNB0=
github.com/MateusMoutinhoOrg/Keep v0.0.8/go.mod h1:NC0Bg5HXeK4i7ti4z10M5pXX4jT3s3EzPmq/fdhEWU4=
github.com/golang-jwt/jwt/v5 v5.3.1 h1:kYf81DTWFe7t+1VvL7eS+jKFVWaUnK9cB1qbwn63YCY=
github.com/golang-jwt/jwt/v5 v5.3.1/go.mod h1:fxCRLWMO43lRc8nhHWY6LGqRcf+1gQWArsqaEUEa5bE=
